
Microsoft Visual Studio Solution File, Format Version 12.00
# Visual Studio Version 17
VisualStudioVersion = 17.14.36616.10 d17.14
MinimumVisualStudioVersion = 10.0.40219.1
Project("{FAE04EC0-301F-11D3-BF4B-00C04F79EFBC}") = "WeatherHazardApi", "WeatherHazardApi.csproj", "{5ADCAB0C-9435-BC09-3B45-D0F2F999C2A8}"
EndProject
Global
	GlobalSection(SolutionConfigurationPlatforms) = preSolution
		Debug|Any CPU = Debug|Any CPU
		Release|Any CPU = Release|Any CPU
	EndGlobalSection
	GlobalSection(ProjectConfigurationPlatforms) = postSolution
		{5ADCAB0C-9435-BC09-3B45-D0F2F999C2A8}.Debug|Any CPU.ActiveCfg = Debug|Any CPU
		{5ADCAB0C-9435-BC09-3B45-D0F2F999C2A8}.Debug|Any CPU.Build.0 = Debug|Any CPU
		{5ADCAB0C-9435-BC09-3B45-D0F2F999C2A8}.Release|Any CPU.ActiveCfg = Release|Any CPU
		{5ADCAB0C-9435-BC09-3B45-D0F2F999C2A8}.Release|Any CPU.Build.0 = Release|Any CPU
	EndGlobalSection
	GlobalSection(SolutionProperties) = preSolution
		HideSolutionNode = FALSE
	EndGlobalSection
	GlobalSection(ExtensibilityGlobals) = postSolution
		SolutionGuid = {DB26C76F-E787-4DF0-B13B-AF4CC280C166}
	EndGlobalSection
EndGlobal
